// !$*UTF8*$!
{
	archiveVersion = 1;
	classes = {
	};
	objectVersion = 46;
	objects = {

/* Begin PBXContainerItemProxy section */
		CE3B07ED17BCF32D00EDC5F8 /* PBXContainerItemProxy */ = {
			isa = PBXContainerItemProxy;
			containerPortal = CE3B07E817BCF32B00EDC5F8 /* Pods.xcodeproj */;
			proxyType = 2;
			remoteGlobalIDString = 9992BD6F1AA346D5A3BCA945;
			remoteInfo = Pods;
		};
		CE3B07EF17BCF32D00EDC5F8 /* PBXContainerItemProxy */ = {
			isa = PBXContainerItemProxy;
			containerPortal = CE3B07E817BCF32B00EDC5F8 /* Pods.xcodeproj */;
			proxyType = 2;
			remoteGlobalIDString = 342116FD19D641B183CC1C14;
			remoteInfo = "Pods-WordPressTest";
		};
		CE3B07F517BCF33A00EDC5F8 /* PBXContainerItemProxy */ = {
			isa = PBXContainerItemProxy;
			containerPortal = CE3B07F117BCF33900EDC5F8 /* KanjiMe.xcodeproj */;
			proxyType = 2;
			remoteGlobalIDString = CED8FE851750A2FF00867230;
			remoteInfo = KanjiMe;
		};
/* End PBXContainerItemProxy section */

/* Begin PBXFileReference section */
		CE3B07E817BCF32B00EDC5F8 /* Pods.xcodeproj */ = {isa = PBXFileReference; lastKnownFileType = "wrapper.pb-project"; name = Pods.xcodeproj; path = Pods/Pods.xcodeproj; sourceTree = "<group>"; };
		CE3B07F117BCF33900EDC5F8 /* KanjiMe.xcodeproj */ = {isa = PBXFileReference; lastKnownFileType = "wrapper.pb-project"; name = KanjiMe.xcodeproj; path = KanjiMe/KanjiMe.xcodeproj; sourceTree = "<group>"; };
/* End PBXFileReference section */

/* Begin PBXGroup section */
		CE3B07E117BCF2B800EDC5F8 = {
			isa = PBXGroup;
			children = (
				CE3B07F117BCF33900EDC5F8 /* KanjiMe.xcodeproj */,
				CE3B07E817BCF32B00EDC5F8 /* Pods.xcodeproj */,
			);
			sourceTree = "<group>";
		};
		CE3B07E917BCF32B00EDC5F8 /* Products */ = {
			isa = PBXGroup;
			children = (
				CE3B07EE17BCF32D00EDC5F8 /* libPods.a */,
				CE3B07F017BCF32D00EDC5F8 /* libPods-WordPressTest.a */,
			);
			name = Products;
			sourceTree = "<group>";
		};
		CE3B07F217BCF33900EDC5F8 /* Products */ = {
			isa = PBXGroup;
			children = (
				CE3B07F617BCF33A00EDC5F8 /* KanjiMe.app */,
			);
			name = Products;
			sourceTree = "<group>";
		};
/* End PBXGroup section */

/* Begin PBXProject section */
		CE3B07E217BCF2B800EDC5F8 /* Project object */ = {
			isa = PBXProject;
			attributes = {
				LastUpgradeCheck = 0460;
			};
			buildConfigurationList = CE3B07E517BCF2B800EDC5F8 /* Build configuration list for PBXProject "KanjimeIOS" */;
			compatibilityVersion = "Xcode 3.2";
			developmentRegion = English;
			hasScannedForEncodings = 0;
			knownRegions = (
				en,
			);
			mainGroup = CE3B07E117BCF2B800EDC5F8;
			projectDirPath = "";
			projectReferences = (
				{
					ProductGroup = CE3B07F217BCF33900EDC5F8 /* Products */;
					ProjectRef = CE3B07F117BCF33900EDC5F8 /* KanjiMe.xcodeproj */;
				},
				{
					ProductGroup = CE3B07E917BCF32B00EDC5F8 /* Products */;
					ProjectRef = CE3B07E817BCF32B00EDC5F8 /* Pods.xcodeproj */;
				},
			);
			projectRoot = "";
			targets = (
			);
		};
/* End PBXProject section */

/* Begin PBXReferenceProxy section */
		CE3B07EE17BCF32D00EDC5F8 /* libPods.a */ = {
			isa = PBXReferenceProxy;
			fileType = archive.ar;
			path = libPods.a;
			remoteRef = CE3B07ED17BCF32D00EDC5F8 /* PBXContainerItemProxy */;
			sourceTree = BUILT_PRODUCTS_DIR;
		};
		CE3B07F017BCF32D00EDC5F8 /* libPods-WordPressTest.a */ = {
			isa = PBXReferenceProxy;
			fileType = archive.ar;
			path = "libPods-WordPressTest.a";
			remoteRef = CE3B07EF17BCF32D00EDC5F8 /* PBXContainerItemProxy */;
			sourceTree = BUILT_PRODUCTS_DIR;
		};
		CE3B07F617BCF33A00EDC5F8 /* KanjiMe.app */ = {
			isa = PBXReferenceProxy;
			fileType = wrapper.application;
			path = KanjiMe.app;
			remoteRef = CE3B07F517BCF33A00EDC5F8 /* PBXContainerItemProxy */;
			sourceTree = BUILT_PRODUCTS_DIR;
		};
/* End PBXReferenceProxy section */

/* Begin XCBuildConfiguration section */
		CE3B07E617BCF2B800EDC5F8 /* Debug */ = {
			isa = XCBuildConfiguration;
			buildSettings = {
			};
			name = Debug;
		};
		CE3B07E717BCF2B800EDC5F8 /* Release */ = {
			isa = XCBuildConfiguration;
			buildSettings = {
			};
			name = Release;
		};
/* End XCBuildConfiguration section */

/* Begin XCConfigurationList section */
		CE3B07E517BCF2B800EDC5F8 /* Build configuration list for PBXProject "KanjimeIOS" */ = {
			isa = XCConfigurationList;
			buildConfigurations = (
				CE3B07E617BCF2B800EDC5F8 /* Debug */,
				CE3B07E717BCF2B800EDC5F8 /* Release */,
			);
			defaultConfigurationIsVisible = 0;
			defaultConfigurationName = Debug;
		};
/* End XCConfigurationList section */
	};
	rootObject = CE3B07E217BCF2B800EDC5F8 /* Project object */;
}
